// !$*UTF8*$!
{
	archiveVersion = 1;
	classes = {
	};
	objectVersion = 56;
	objects = {

/* Begin PBXBuildFile section */
		3579BB862A2DE15C001D5237 /* AppDelegate.swift in Sources */ = {isa = PBXBuildFile; fileRef = 3579BB852A2DE15C001D5237 /* AppDelegate.swift */; };
		3579BB8A2A2DE15C001D5237 /* ViewController.swift in Sources */ = {isa = PBXBuildFile; fileRef = 3579BB892A2DE15C001D5237 /* ViewController.swift */; };
		3579BB8D2A2DE15C001D5237 /* Main.storyboard in Resources */ = {isa = PBXBuildFile; fileRef = 3579BB8B2A2DE15C001D5237 /* Main.storyboard */; };
		3579BB8F2A2DE15D001D5237 /* Assets.xcassets in Resources */ = {isa = PBXBuildFile; fileRef = 3579BB8E2A2DE15D001D5237 /* Assets.xcassets */; };
		3579BB922A2DE15D001D5237 /* LaunchScreen.storyboard in Resources */ = {isa = PBXBuildFile; fileRef = 3579BB902A2DE15D001D5237 /* LaunchScreen.storyboard */; };
		3579BB9D2A2DE15D001D5237 /* moviesAppTests.swift in Sources */ = {isa = PBXBuildFile; fileRef = 3579BB9C2A2DE15D001D5237 /* moviesAppTests.swift */; };
		3579BBA72A2DE15D001D5237 /* moviesAppUITests.swift in Sources */ = {isa = PBXBuildFile; fileRef = 3579BBA62A2DE15D001D5237 /* moviesAppUITests.swift */; };
		3579BBA92A2DE15D001D5237 /* moviesAppUITestsLaunchTests.swift in Sources */ = {isa = PBXBuildFile; fileRef = 3579BBA82A2DE15D001D5237 /* moviesAppUITestsLaunchTests.swift */; };
/* End PBXBuildFile section */

/* Begin PBXContainerItemProxy section */
		3579BB992A2DE15D001D5237 /* PBXContainerItemProxy */ = {
			isa = PBXContainerItemProxy;
			containerPortal = 3579BB7A2A2DE15C001D5237 /* Project object */;
			proxyType = 1;
			remoteGlobalIDString = 3579BB812A2DE15C001D5237;
			remoteInfo = moviesApp;
		};
		3579BBA32A2DE15D001D5237 /* PBXContainerItemProxy */ = {
			isa = PBXContainerItemProxy;
			containerPortal = 3579BB7A2A2DE15C001D5237 /* Project object */;
			proxyType = 1;
			remoteGlobalIDString = 3579BB812A2DE15C001D5237;
			remoteInfo = moviesApp;
		};
/* End PBXContainerItemProxy section */

/* Begin PBXFileReference section */
		3579BB822A2DE15C001D5237 /* moviesApp.app */ = {isa = PBXFileReference; explicitFileType = wrapper.application; includeInIndex = 0; path = moviesApp.app; sourceTree = BUILT_PRODUCTS_DIR; };
		3579BB852A2DE15C001D5237 /* AppDelegate.swift */ = {isa = PBXFileReference; lastKnownFileType = sourcecode.swift; path = AppDelegate.swift; sourceTree = "<group>"; };
		3579BB892A2DE15C001D5237 /* ViewController.swift */ = {isa = PBXFileReference; lastKnownFileType = sourcecode.swift; path = ViewController.swift; sourceTree = "<group>"; };
		3579BB8C2A2DE15C001D5237 /* Base */ = {isa = PBXFileReference; lastKnownFileType = file.storyboard; name = Base; path = Base.lproj/Main.storyboard; sourceTree = "<group>"; };
		3579BB8E2A2DE15D001D5237 /* Assets.xcassets */ = {isa = PBXFileReference; lastKnownFileType = folder.assetcatalog; path = Assets.xcassets; sourceTree = "<group>"; };
		3579BB912A2DE15D001D5237 /* Base */ = {isa = PBXFileReference; lastKnownFileType = file.storyboard; name = Base; path = Base.lproj/LaunchScreen.storyboard; sourceTree = "<group>"; };
		3579BB932A2DE15D001D5237 /* Info.plist */ = {isa = PBXFileReference; lastKnownFileType = text.plist.xml; path = Info.plist; sourceTree = "<group>"; };
		3579BB982A2DE15D001D5237 /* moviesAppTests.xctest */ = {isa = PBXFileReference; explicitFileType = wrapper.cfbundle; includeInIndex = 0; path = moviesAppTests.xctest; sourceTree = BUILT_PRODUCTS_DIR; };
		3579BB9C2A2DE15D001D5237 /* moviesAppTests.swift */ = {isa = PBXFileReference; lastKnownFileType = sourcecode.swift; path = moviesAppTests.swift; sourceTree = "<group>"; };
		3579BBA22A2DE15D001D5237 /* moviesAppUITests.xctest */ = {isa = PBXFileReference; explicitFileType = wrapper.cfbundle; includeInIndex = 0; path = moviesAppUITests.xctest; sourceTree = BUILT_PRODUCTS_DIR; };
		3579BBA62A2DE15D001D5237 /* moviesAppUITests.swift */ = {isa = PBXFileReference; lastKnownFileType = sourcecode.swift; path = moviesAppUITests.swift; sourceTree = "<group>"; };
		3579BBA82A2DE15D001D5237 /* moviesAppUITestsLaunchTests.swift */ = {isa = PBXFileReference; lastKnownFileType = sourcecode.swift; path = moviesAppUITestsLaunchTests.swift; sourceTree = "<group>"; };
/* End PBXFileReference section */

/* Begin PBXFrameworksBuildPhase section */
		3579BB7F2A2DE15C001D5237 /* Frameworks */ = {
			isa = PBXFrameworksBuildPhase;
			buildActionMask = 2147483647;
			files = (
			);
			runOnlyForDeploymentPostprocessing = 0;
		};
		3579BB952A2DE15D001D5237 /* Frameworks */ = {
			isa = PBXFrameworksBuildPhase;
			buildActionMask = 2147483647;
			files = (
			);
			runOnlyForDeploymentPostprocessing = 0;
		};
		3579BB9F2A2DE15D001D5237 /* Frameworks */ = {
			isa = PBXFrameworksBuildPhase;
			buildActionMask = 2147483647;
			files = (
			);
			runOnlyForDeploymentPostprocessing = 0;
		};
/* End PBXFrameworksBuildPhase section */

/* Begin PBXGroup section */
		3579BB792A2DE15C001D5237 = {
			isa = PBXGroup;
			children = (
				3579BB842A2DE15C001D5237 /* moviesApp */,
				3579BB9B2A2DE15D001D5237 /* moviesAppTests */,
				3579BBA52A2DE15D001D5237 /* moviesAppUITests */,
				3579BB832A2DE15C001D5237 /* Products */,
			);
			sourceTree = "<group>";
		};
		3579BB832A2DE15C001D5237 /* Products */ = {
			isa = PBXGroup;
			children = (
				3579BB822A2DE15C001D5237 /* moviesApp.app */,
				3579BB982A2DE15D001D5237 /* moviesAppTests.xctest */,
				3579BBA22A2DE15D001D5237 /* moviesAppUITests.xctest */,
			);
			name = Products;
			sourceTree = "<group>";
		};
		3579BB842A2DE15C001D5237 /* moviesApp */ = {
			isa = PBXGroup;
			children = (
				3579BBBD2A2DE3A5001D5237 /* Application */,
				3579BBBC2A2DE3A3001D5237 /* Constant */,
				3579BBBB2A2DE3A0001D5237 /* Helper */,
				3579BBBA2A2DE39E001D5237 /* Extensions */,
				3579BBB92A2DE39C001D5237 /* Resources */,
				3579BBB82A2DE397001D5237 /* StoryBoard */,
				3579BBB52A2DE386001D5237 /* Screens */,
				3579BB932A2DE15D001D5237 /* Info.plist */,
			);
			path = moviesApp;
			sourceTree = "<group>";
		};
		3579BB9B2A2DE15D001D5237 /* moviesAppTests */ = {
			isa = PBXGroup;
			children = (
				3579BB9C2A2DE15D001D5237 /* moviesAppTests.swift */,
			);
			path = moviesAppTests;
			sourceTree = "<group>";
		};
		3579BBA52A2DE15D001D5237 /* moviesAppUITests */ = {
			isa = PBXGroup;
			children = (
				3579BBA62A2DE15D001D5237 /* moviesAppUITests.swift */,
				3579BBA82A2DE15D001D5237 /* moviesAppUITestsLaunchTests.swift */,
			);
			path = moviesAppUITests;
			sourceTree = "<group>";
		};
		3579BBB52A2DE386001D5237 /* Screens */ = {
			isa = PBXGroup;
			children = (
				3579BBBE2A2DE412001D5237 /* All Movies */,
			);
			path = Screens;
			sourceTree = "<group>";
		};
		3579BBB82A2DE397001D5237 /* StoryBoard */ = {
			isa = PBXGroup;
			children = (
				3579BB8B2A2DE15C001D5237 /* Main.storyboard */,
				3579BB902A2DE15D001D5237 /* LaunchScreen.storyboard */,
			);
			path = StoryBoard;
			sourceTree = "<group>";
		};
		3579BBB92A2DE39C001D5237 /* Resources */ = {
			isa = PBXGroup;
			children = (
				3579BB8E2A2DE15D001D5237 /* Assets.xcassets */,
			);
			path = Resources;
			sourceTree = "<group>";
		};
		3579BBBA2A2DE39E001D5237 /* Extensions */ = {
			isa = PBXGroup;
			children = (
			);
			path = Extensions;
			sourceTree = "<group>";
		};
		3579BBBB2A2DE3A0001D5237 /* Helper */ = {
			isa = PBXGroup;
			children = (
			);
			path = Helper;
			sourceTree = "<group>";
		};
		3579BBBC2A2DE3A3001D5237 /* Constant */ = {
			isa = PBXGroup;
			children = (
			);
			path = Constant;
			sourceTree = "<group>";
		};
		3579BBBD2A2DE3A5001D5237 /* Application */ = {
			isa = PBXGroup;
			children = (
				3579BB852A2DE15C001D5237 /* AppDelegate.swift */,
			);
			path = Application;
			sourceTree = "<group>";
		};
		3579BBBE2A2DE412001D5237 /* All Movies */ = {
			isa = PBXGroup;
			children = (
				3579BBBF2A2DE422001D5237 /* Model */,
				3579BBC12A2DE42F001D5237 /* View */,
				3579BBC02A2DE428001D5237 /* ViewModel */,
			);
			path = "All Movies";
			sourceTree = "<group>";
		};
		3579BBBF2A2DE422001D5237 /* Model */ = {
			isa = PBXGroup;
			children = (
			);
			path = Model;
			sourceTree = "<group>";
		};
		3579BBC02A2DE428001D5237 /* ViewModel */ = {
			isa = PBXGroup;
			children = (
			);
			path = ViewModel;
			sourceTree = "<group>";
		};
		3579BBC12A2DE42F001D5237 /* View */ = {
			isa = PBXGroup;
			children = (
				3579BB892A2DE15C001D5237 /* ViewController.swift */,
			);
			path = View;
			sourceTree = "<group>";
		};
/* End PBXGroup section */

/* Begin PBXNativeTarget section */
		3579BB812A2DE15C001D5237 /* moviesApp */ = {
			isa = PBXNativeTarget;
			buildConfigurationList = 3579BBAC2A2DE15D001D5237 /* Build configuration list for PBXNativeTarget "moviesApp" */;
			buildPhases = (
				3579BB7E2A2DE15C001D5237 /* Sources */,
				3579BB7F2A2DE15C001D5237 /* Frameworks */,
				3579BB802A2DE15C001D5237 /* Resources */,
			);
			buildRules = (
			);
			dependencies = (
			);
			name = moviesApp;
			productName = moviesApp;
			productReference = 3579BB822A2DE15C001D5237 /* moviesApp.app */;
			productType = "com.apple.product-type.application";
		};
		3579BB972A2DE15D001D5237 /* moviesAppTests */ = {
			isa = PBXNativeTarget;
			buildConfigurationList = 3579BBAF2A2DE15D001D5237 /* Build configuration list for PBXNativeTarget "moviesAppTests" */;
			buildPhases = (
				3579BB942A2DE15D001D5237 /* Sources */,
				3579BB952A2DE15D001D5237 /* Frameworks */,
				3579BB962A2DE15D001D5237 /* Resources */,
			);
			buildRules = (
			);
			dependencies = (
				3579BB9A2A2DE15D001D5237 /* PBXTargetDependency */,
			);
			name = moviesAppTests;
			productName = moviesAppTests;
			productReference = 3579BB982A2DE15D001D5237 /* moviesAppTests.xctest */;
			productType = "com.apple.product-type.bundle.unit-test";
		};
		3579BBA12A2DE15D001D5237 /* moviesAppUITests */ = {
			isa = PBXNativeTarget;
			buildConfigurationList = 3579BBB22A2DE15D001D5237 /* Build configuration list for PBXNativeTarget "moviesAppUITests" */;
			buildPhases = (
				3579BB9E2A2DE15D001D5237 /* Sources */,
				3579BB9F2A2DE15D001D5237 /* Frameworks */,
				3579BBA02A2DE15D001D5237 /* Resources */,
			);
			buildRules = (
			);
			dependencies = (
				3579BBA42A2DE15D001D5237 /* PBXTargetDependency */,
			);
			name = moviesAppUITests;
			productName = moviesAppUITests;
			productReference = 3579BBA22A2DE15D001D5237 /* moviesAppUITests.xctest */;
			productType = "com.apple.product-type.bundle.ui-testing";
		};
/* End PBXNativeTarget section */

/* Begin PBXProject section */
		3579BB7A2A2DE15C001D5237 /* Project object */ = {
			isa = PBXProject;
			attributes = {
				BuildIndependentTargetsInParallel = 1;
				LastSwiftUpdateCheck = 1430;
				LastUpgradeCheck = 1430;
				TargetAttributes = {
					3579BB812A2DE15C001D5237 = {
						CreatedOnToolsVersion = 14.3;
					};
					3579BB972A2DE15D001D5237 = {
						CreatedOnToolsVersion = 14.3;
						TestTargetID = 3579BB812A2DE15C001D5237;
					};
					3579BBA12A2DE15D001D5237 = {
						CreatedOnToolsVersion = 14.3;
						TestTargetID = 3579BB812A2DE15C001D5237;
					};
				};
			};
			buildConfigurationList = 3579BB7D2A2DE15C001D5237 /* Build configuration list for PBXProject "moviesApp" */;
			compatibilityVersion = "Xcode 14.0";
			developmentRegion = en;
			hasScannedForEncodings = 0;
			knownRegions = (
				en,
				Base,
			);
			mainGroup = 3579BB792A2DE15C001D5237;
			productRefGroup = 3579BB832A2DE15C001D5237 /* Products */;
			projectDirPath = "";
			projectRoot = "";
			targets = (
				3579BB812A2DE15C001D5237 /* moviesApp */,
				3579BB972A2DE15D001D5237 /* moviesAppTests */,
				3579BBA12A2DE15D001D5237 /* moviesAppUITests */,
			);
		};
/* End PBXProject section */

/* Begin PBXResourcesBuildPhase section */
		3579BB802A2DE15C001D5237 /* Resources */ = {
			isa = PBXResourcesBuildPhase;
			buildActionMask = 2147483647;
			files = (
				3579BB922A2DE15D001D5237 /* LaunchScreen.storyboard in Resources */,
				3579BB8F2A2DE15D001D5237 /* Assets.xcassets in Resources */,
				3579BB8D2A2DE15C001D5237 /* Main.storyboard in Resources */,
			);
			runOnlyForDeploymentPostprocessing = 0;
		};
		3579BB962A2DE15D001D5237 /* Resources */ = {
			isa = PBXResourcesBuildPhase;
			buildActionMask = 2147483647;
			files = (
			);
			runOnlyForDeploymentPostprocessing = 0;
		};
		3579BBA02A2DE15D001D5237 /* Resources */ = {
			isa = PBXResourcesBuildPhase;
			buildActionMask = 2147483647;
			files = (
			);
			runOnlyForDeploymentPostprocessing = 0;
		};
/* End PBXResourcesBuildPhase section */

/* Begin PBXSourcesBuildPhase section */
		3579BB7E2A2DE15C001D5237 /* Sources */ = {
			isa = PBXSourcesBuildPhase;
			buildActionMask = 2147483647;
			files = (
				3579BB8A2A2DE15C001D5237 /* ViewController.swift in Sources */,
				3579BB862A2DE15C001D5237 /* AppDelegate.swift in Sources */,
			);
			runOnlyForDeploymentPostprocessing = 0;
		};
		3579BB942A2DE15D001D5237 /* Sources */ = {
			isa = PBXSourcesBuildPhase;
			buildActionMask = 2147483647;
			files = (
				3579BB9D2A2DE15D001D5237 /* moviesAppTests.swift in Sources */,
			);
			runOnlyForDeploymentPostprocessing = 0;
		};
		3579BB9E2A2DE15D001D5237 /* Sources */ = {
			isa = PBXSourcesBuildPhase;
			buildActionMask = 2147483647;
			files = (
				3579BBA72A2DE15D001D5237 /* moviesAppUITests.swift in Sources */,
				3579BBA92A2DE15D001D5237 /* moviesAppUITestsLaunchTests.swift in Sources */,
			);
			runOnlyForDeploymentPostprocessing = 0;
		};
/* End PBXSourcesBuildPhase section */

/* Begin PBXTargetDependency section */
		3579BB9A2A2DE15D001D5237 /* PBXTargetDependency */ = {
			isa = PBXTargetDependency;
			target = 3579BB812A2DE15C001D5237 /* moviesApp */;
			targetProxy = 3579BB992A2DE15D001D5237 /* PBXContainerItemProxy */;
		};
		3579BBA42A2DE15D001D5237 /* PBXTargetDependency */ = {
			isa = PBXTargetDependency;
			target = 3579BB812A2DE15C001D5237 /* moviesApp */;
			targetProxy = 3579BBA32A2DE15D001D5237 /* PBXContainerItemProxy */;
		};
/* End PBXTargetDependency section */

/* Begin PBXVariantGroup section */
		3579BB8B2A2DE15C001D5237 /* Main.storyboard */ = {
			isa = PBXVariantGroup;
			children = (
				3579BB8C2A2DE15C001D5237 /* Base */,
			);
			name = Main.storyboard;
			sourceTree = "<group>";
		};
		3579BB902A2DE15D001D5237 /* LaunchScreen.storyboard */ = {
			isa = PBXVariantGroup;
			children = (
				3579BB912A2DE15D001D5237 /* Base */,
			);
			name = LaunchScreen.storyboard;
			sourceTree = "<group>";
		};
/* End PBXVariantGroup section */

/* Begin XCBuildConfiguration section */
		3579BBAA2A2DE15D001D5237 /* Debug */ = {
			isa = XCBuildConfiguration;
			buildSettings = {
				ALWAYS_SEARCH_USER_PATHS = NO;
				CLANG_ANALYZER_NONNULL = YES;
				CLANG_ANALYZER_NUMBER_OBJECT_CONVERSION = YES_AGGRESSIVE;
				CLANG_CXX_LANGUAGE_STANDARD = "gnu++20";
				CLANG_ENABLE_MODULES = YES;
				CLANG_ENABLE_OBJC_ARC = YES;
				CLANG_ENABLE_OBJC_WEAK = YES;
				CLANG_WARN_BLOCK_CAPTURE_AUTORELEASING = YES;
				CLANG_WARN_BOOL_CONVERSION = YES;
				CLANG_WARN_COMMA = YES;
				CLANG_WARN_CONSTANT_CONVERSION = YES;
				CLANG_WARN_DEPRECATED_OBJC_IMPLEMENTATIONS = YES;
				CLANG_WARN_DIRECT_OBJC_ISA_USAGE = YES_ERROR;
				CLANG_WARN_DOCUMENTATION_COMMENTS = YES;
				CLANG_WARN_EMPTY_BODY = YES;
				CLANG_WARN_ENUM_CONVERSION = YES;
				CLANG_WARN_INFINITE_RECURSION = YES;
				CLANG_WARN_INT_CONVERSION = YES;
				CLANG_WARN_NON_LITERAL_NULL_CONVERSION = YES;
				CLANG_WARN_OBJC_IMPLICIT_RETAIN_SELF = YES;
				CLANG_WARN_OBJC_LITERAL_CONVERSION = YES;
				CLANG_WARN_OBJC_ROOT_CLASS = YES_ERROR;
				CLANG_WARN_QUOTED_INCLUDE_IN_FRAMEWORK_HEADER = YES;
				CLANG_WARN_RANGE_LOOP_ANALYSIS = YES;
				CLANG_WARN_STRICT_PROTOTYPES = YES;
				CLANG_WARN_SUSPICIOUS_MOVE = YES;
				CLANG_WARN_UNGUARDED_AVAILABILITY = YES_AGGRESSIVE;
				CLANG_WARN_UNREACHABLE_CODE = YES;
				CLANG_WARN__DUPLICATE_METHOD_MATCH = YES;
				COPY_PHASE_STRIP = NO;
				DEBUG_INFORMATION_FORMAT = dwarf;
				ENABLE_STRICT_OBJC_MSGSEND = YES;
				ENABLE_TESTABILITY = YES;
				GCC_C_LANGUAGE_STANDARD = gnu11;
				GCC_DYNAMIC_NO_PIC = NO;
				GCC_NO_COMMON_BLOCKS = YES;
				GCC_OPTIMIZATION_LEVEL = 0;
				GCC_PREPROCESSOR_DEFINITIONS = (
					"DEBUG=1",
					"$(inherited)",
				);
				GCC_WARN_64_TO_32_BIT_CONVERSION = YES;
				GCC_WARN_ABOUT_RETURN_TYPE = YES_ERROR;
				GCC_WARN_UNDECLARED_SELECTOR = YES;
				GCC_WARN_UNINITIALIZED_AUTOS = YES_AGGRESSIVE;
				GCC_WARN_UNUSED_FUNCTION = YES;
				GCC_WARN_UNUSED_VARIABLE = YES;
				IPHONEOS_DEPLOYMENT_TARGET = 16.4;
				MTL_ENABLE_DEBUG_INFO = INCLUDE_SOURCE;
				MTL_FAST_MATH = YES;
				ONLY_ACTIVE_ARCH = YES;
				SDKROOT = iphoneos;
				SWIFT_ACTIVE_COMPILATION_CONDITIONS = DEBUG;
				SWIFT_OPTIMIZATION_LEVEL = "-Onone";
			};
			name = Debug;
		};
		3579BBAB2A2DE15D001D5237 /* Release */ = {
			isa = XCBuildConfiguration;
			buildSettings = {
				ALWAYS_SEARCH_USER_PATHS = NO;
				CLANG_ANALYZER_NONNULL = YES;
				CLANG_ANALYZER_NUMBER_OBJECT_CONVERSION = YES_AGGRESSIVE;
				CLANG_CXX_LANGUAGE_STANDARD = "gnu++20";
				CLANG_ENABLE_MODULES = YES;
				CLANG_ENABLE_OBJC_ARC = YES;
				CLANG_ENABLE_OBJC_WEAK = YES;
				CLANG_WARN_BLOCK_CAPTURE_AUTORELEASING = YES;
				CLANG_WARN_BOOL_CONVERSION = YES;
				CLANG_WARN_COMMA = YES;
				CLANG_WARN_CONSTANT_CONVERSION = YES;
				CLANG_WARN_DEPRECATED_OBJC_IMPLEMENTATIONS = YES;
				CLANG_WARN_DIRECT_OBJC_ISA_USAGE = YES_ERROR;
				CLANG_WARN_DOCUMENTATION_COMMENTS = YES;
				CLANG_WARN_EMPTY_BODY = YES;
				CLANG_WARN_ENUM_CONVERSION = YES;
				CLANG_WARN_INFINITE_RECURSION = YES;
				CLANG_WARN_INT_CONVERSION = YES;
				CLANG_WARN_NON_LITERAL_NULL_CONVERSION = YES;
				CLANG_WARN_OBJC_IMPLICIT_RETAIN_SELF = YES;
				CLANG_WARN_OBJC_LITERAL_CONVERSION = YES;
				CLANG_WARN_OBJC_ROOT_CLASS = YES_ERROR;
				CLANG_WARN_QUOTED_INCLUDE_IN_FRAMEWORK_HEADER = YES;
				CLANG_WARN_RANGE_LOOP_ANALYSIS = YES;
				CLANG_WARN_STRICT_PROTOTYPES = YES;
				CLANG_WARN_SUSPICIOUS_MOVE = YES;
				CLANG_WARN_UNGUARDED_AVAILABILITY = YES_AGGRESSIVE;
				CLANG_WARN_UNREACHABLE_CODE = YES;
				CLANG_WARN__DUPLICATE_METHOD_MATCH = YES;
				COPY_PHASE_STRIP = NO;
				DEBUG_INFORMATION_FORMAT = "dwarf-with-dsym";
				ENABLE_NS_ASSERTIONS = NO;
				ENABLE_STRICT_OBJC_MSGSEND = YES;
				GCC_C_LANGUAGE_STANDARD = gnu11;
				GCC_NO_COMMON_BLOCKS = YES;
				GCC_WARN_64_TO_32_BIT_CONVERSION = YES;
				GCC_WARN_ABOUT_RETURN_TYPE = YES_ERROR;
				GCC_WARN_UNDECLARED_SELECTOR = YES;
				GCC_WARN_UNINITIALIZED_AUTOS = YES_AGGRESSIVE;
				GCC_WARN_UNUSED_FUNCTION = YES;
				GCC_WARN_UNUSED_VARIABLE = YES;
				IPHONEOS_DEPLOYMENT_TARGET = 16.4;
				MTL_ENABLE_DEBUG_INFO = NO;
				MTL_FAST_MATH = YES;
				SDKROOT = iphoneos;
				SWIFT_COMPILATION_MODE = wholemodule;
				SWIFT_OPTIMIZATION_LEVEL = "-O";
				VALIDATE_PRODUCT = YES;
			};
			name = Release;
		};
		3579BBAD2A2DE15D001D5237 /* Debug */ = {
			isa = XCBuildConfiguration;
			buildSettings = {
				ASSETCATALOG_COMPILER_APPICON_NAME = AppIcon;
				ASSETCATALOG_COMPILER_GLOBAL_ACCENT_COLOR_NAME = AccentColor;
				CODE_SIGN_STYLE = Automatic;
				CURRENT_PROJECT_VERSION = 1;
				GENERATE_INFOPLIST_FILE = YES;
				INFOPLIST_FILE = moviesApp/Info.plist;
				INFOPLIST_KEY_UIApplicationSupportsIndirectInputEvents = YES;
				INFOPLIST_KEY_UILaunchStoryboardName = LaunchScreen;
				INFOPLIST_KEY_UIMainStoryboardFile = Main;
				INFOPLIST_KEY_UISupportedInterfaceOrientations_iPad = "UIInterfaceOrientationPortrait UIInterfaceOrientationPortraitUpsideDown UIInterfaceOrientationLandscapeLeft UIInterfaceOrientationLandscapeRight";
				INFOPLIST_KEY_UISupportedInterfaceOrientations_iPhone = "UIInterfaceOrientationPortrait UIInterfaceOrientationLandscapeLeft UIInterfaceOrientationLandscapeRight";
				LD_RUNPATH_SEARCH_PATHS = (
					"$(inherited)",
					"@executable_path/Frameworks",
				);
				MARKETING_VERSION = 1.0;
				PRODUCT_BUNDLE_IDENTIFIER = com.hamzaahmedshad.moviesApp;
				PRODUCT_NAME = "$(TARGET_NAME)";
				SUPPORTED_PLATFORMS = "iphoneos iphonesimulator";
				SUPPORTS_MACCATALYST = NO;
				SUPPORTS_MAC_DESIGNED_FOR_IPHONE_IPAD = NO;
				SWIFT_EMIT_LOC_STRINGS = YES;
				SWIFT_VERSION = 5.0;
				TARGETED_DEVICE_FAMILY = 1;
			};
			name = Debug;
		};
		3579BBAE2A2DE15D001D5237 /* Release */ = {
			isa = XCBuildConfiguration;
			buildSettings = {
				ASSETCATALOG_COMPILER_APPICON_NAME = AppIcon;
				ASSETCATALOG_COMPILER_GLOBAL_ACCENT_COLOR_NAME = AccentColor;
				CODE_SIGN_STYLE = Automatic;
				CURRENT_PROJECT_VERSION = 1;
				GENERATE_INFOPLIST_FILE = YES;
				INFOPLIST_FILE = moviesApp/Info.plist;
				INFOPLIST_KEY_UIApplicationSupportsIndirectInputEvents = YES;
				INFOPLIST_KEY_UILaunchStoryboardName = LaunchScreen;
				INFOPLIST_KEY_UIMainStoryboardFile = Main;
				INFOPLIST_KEY_UISupportedInterfaceOrientations_iPad = "UIInterfaceOrientationPortrait UIInterfaceOrientationPortraitUpsideDown UIInterfaceOrientationLandscapeLeft UIInterfaceOrientationLandscapeRight";
				INFOPLIST_KEY_UISupportedInterfaceOrientations_iPhone = "UIInterfaceOrientationPortrait UIInterfaceOrientationLandscapeLeft UIInterfaceOrientationLandscapeRight";
				LD_RUNPATH_SEARCH_PATHS = (
					"$(inherited)",
					"@executable_path/Frameworks",
				);
				MARKETING_VERSION = 1.0;
				PRODUCT_BUNDLE_IDENTIFIER = com.hamzaahmedshad.moviesApp;
				PRODUCT_NAME = "$(TARGET_NAME)";
				SUPPORTED_PLATFORMS = "iphoneos iphonesimulator";
				SUPPORTS_MACCATALYST = NO;
				SUPPORTS_MAC_DESIGNED_FOR_IPHONE_IPAD = NO;
				SWIFT_EMIT_LOC_STRINGS = YES;
				SWIFT_VERSION = 5.0;
				TARGETED_DEVICE_FAMILY = 1;
			};
			name = Release;
		};
		3579BBB02A2DE15D001D5237 /* Debug */ = {
			isa = XCBuildConfiguration;
			buildSettings = {
				ALWAYS_EMBED_SWIFT_STANDARD_LIBRARIES = YES;
				BUNDLE_LOADER = "$(TEST_HOST)";
				CODE_SIGN_STYLE = Automatic;
				CURRENT_PROJECT_VERSION = 1;
				GENERATE_INFOPLIST_FILE = YES;
				IPHONEOS_DEPLOYMENT_TARGET = 16.4;
				MARKETING_VERSION = 1.0;
				PRODUCT_BUNDLE_IDENTIFIER = com.hamzaahmedshad.moviesAppTests;
				PRODUCT_NAME = "$(TARGET_NAME)";
				SWIFT_EMIT_LOC_STRINGS = NO;
				SWIFT_VERSION = 5.0;
				TARGETED_DEVICE_FAMILY = "1,2";
				TEST_HOST = "$(BUILT_PRODUCTS_DIR)/moviesApp.app/$(BUNDLE_EXECUTABLE_FOLDER_PATH)/moviesApp";
			};
			name = Debug;
		};
		3579BBB12A2DE15D001D5237 /* Release */ = {
			isa = XCBuildConfiguration;
			buildSettings = {
				ALWAYS_EMBED_SWIFT_STANDARD_LIBRARIES = YES;
				BUNDLE_LOADER = "$(TEST_HOST)";
				CODE_SIGN_STYLE = Automatic;
				CURRENT_PROJECT_VERSION = 1;
				GENERATE_INFOPLIST_FILE = YES;
				IPHONEOS_DEPLOYMENT_TARGET = 16.4;
				MARKETING_VERSION = 1.0;
				PRODUCT_BUNDLE_IDENTIFIER = com.hamzaahmedshad.moviesAppTests;
				PRODUCT_NAME = "$(TARGET_NAME)";
				SWIFT_EMIT_LOC_STRINGS = NO;
				SWIFT_VERSION = 5.0;
				TARGETED_DEVICE_FAMILY = "1,2";
				TEST_HOST = "$(BUILT_PRODUCTS_DIR)/moviesApp.app/$(BUNDLE_EXECUTABLE_FOLDER_PATH)/moviesApp";
			};
			name = Release;
		};
		3579BBB32A2DE15D001D5237 /* Debug */ = {
			isa = XCBuildConfiguration;
			buildSettings = {
				ALWAYS_EMBED_SWIFT_STANDARD_LIBRARIES = YES;
				CODE_SIGN_STYLE = Automatic;
				CURRENT_PROJECT_VERSION = 1;
				GENERATE_INFOPLIST_FILE = YES;
				MARKETING_VERSION = 1.0;
				PRODUCT_BUNDLE_IDENTIFIER = com.hamzaahmedshad.moviesAppUITests;
				PRODUCT_NAME = "$(TARGET_NAME)";
				SWIFT_EMIT_LOC_STRINGS = NO;
				SWIFT_VERSION = 5.0;
				TARGETED_DEVICE_FAMILY = "1,2";
				TEST_TARGET_NAME = moviesApp;
			};
			name = Debug;
		};
		3579BBB42A2DE15D001D5237 /* Release */ = {
			isa = XCBuildConfiguration;
			buildSettings = {
				ALWAYS_EMBED_SWIFT_STANDARD_LIBRARIES = YES;
				CODE_SIGN_STYLE = Automatic;
				CURRENT_PROJECT_VERSION = 1;
				GENERATE_INFOPLIST_FILE = YES;
				MARKETING_VERSION = 1.0;
				PRODUCT_BUNDLE_IDENTIFIER = com.hamzaahmedshad.moviesAppUITests;
				PRODUCT_NAME = "$(TARGET_NAME)";
				SWIFT_EMIT_LOC_STRINGS = NO;
				SWIFT_VERSION = 5.0;
				TARGETED_DEVICE_FAMILY = "1,2";
				TEST_TARGET_NAME = moviesApp;
			};
			name = Release;
		};
/* End XCBuildConfiguration section */

/* Begin XCConfigurationList section */
		3579BB7D2A2DE15C001D5237 /* Build configuration list for PBXProject "moviesApp" */ = {
			isa = XCConfigurationList;
			buildConfigurations = (
				3579BBAA2A2DE15D001D5237 /* Debug */,
				3579BBAB2A2DE15D001D5237 /* Release */,
			);
			defaultConfigurationIsVisible = 0;
			defaultConfigurationName = Release;
		};
		3579BBAC2A2DE15D001D5237 /* Build configuration list for PBXNativeTarget "moviesApp" */ = {
			isa = XCConfigurationList;
			buildConfigurations = (
				3579BBAD2A2DE15D001D5237 /* Debug */,
				3579BBAE2A2DE15D001D5237 /* Release */,
			);
			defaultConfigurationIsVisible = 0;
			defaultConfigurationName = Release;
		};
		3579BBAF2A2DE15D001D5237 /* Build configuration list for PBXNativeTarget "moviesAppTests" */ = {
			isa = XCConfigurationList;
			buildConfigurations = (
				3579BBB02A2DE15D001D5237 /* Debug */,
				3579BBB12A2DE15D001D5237 /* Release */,
			);
			defaultConfigurationIsVisible = 0;
			defaultConfigurationName = Release;
		};
		3579BBB22A2DE15D001D5237 /* Build configuration list for PBXNativeTarget "moviesAppUITests" */ = {
			isa = XCConfigurationList;
			buildConfigurations = (
				3579BBB32A2DE15D001D5237 /* Debug */,
				3579BBB42A2DE15D001D5237 /* Release */,
			);
			defaultConfigurationIsVisible = 0;
			defaultConfigurationName = Release;
		};
/* End XCConfigurationList section */
	};
	rootObject = 3579BB7A2A2DE15C001D5237 /* Project object */;
}
